// !$*UTF8*$!
{
	archiveVersion = 1;
	classes = {
	};
	objectVersion = 46;
	objects = {

/* Begin PBXBuildFile section */
		6CB9704C1BB43ECF00ED4E87 /* main.m in Sources */ = {isa = PBXBuildFile; fileRef = 6CB9704B1BB43ECF00ED4E87 /* main.m */; };
		6CB9704F1BB43ECF00ED4E87 /* AppDelegate.m in Sources */ = {isa = PBXBuildFile; fileRef = 6CB9704E1BB43ECF00ED4E87 /* AppDelegate.m */; };
		6CB970521BB43ECF00ED4E87 /* ViewController.m in Sources */ = {isa = PBXBuildFile; fileRef = 6CB970511BB43ECF00ED4E87 /* ViewController.m */; };
		6CB970551BB43ECF00ED4E87 /* Main.storyboard in Resources */ = {isa = PBXBuildFile; fileRef = 6CB970531BB43ECF00ED4E87 /* Main.storyboard */; };
		6CB970571BB43ECF00ED4E87 /* Assets.xcassets in Resources */ = {isa = PBXBuildFile; fileRef = 6CB970561BB43ECF00ED4E87 /* Assets.xcassets */; };
		6CB9705A1BB43ECF00ED4E87 /* LaunchScreen.storyboard in Resources */ = {isa = PBXBuildFile; fileRef = 6CB970581BB43ECF00ED4E87 /* LaunchScreen.storyboard */; };
		6CB970651BB43ECF00ED4E87 /* MyPageControlNavigationTests.m in Sources */ = {isa = PBXBuildFile; fileRef = 6CB970641BB43ECF00ED4E87 /* MyPageControlNavigationTests.m */; };
		6CB970701BB43ECF00ED4E87 /* MyPageControlNavigationUITests.m in Sources */ = {isa = PBXBuildFile; fileRef = 6CB9706F1BB43ECF00ED4E87 /* MyPageControlNavigationUITests.m */; };
		6CB970811BB4448200ED4E87 /* 保罗克利-肖像.png in Resources */ = {isa = PBXBuildFile; fileRef = 6CB9707E1BB4448200ED4E87 /* 保罗克利-肖像.png */; settings = {ASSET_TAGS = (); }; };
		6CB970821BB4448200ED4E87 /* 罗丹-思想者.png in Resources */ = {isa = PBXBuildFile; fileRef = 6CB9707F1BB4448200ED4E87 /* 罗丹-思想者.png */; settings = {ASSET_TAGS = (); }; };
		6CB970831BB4448200ED4E87 /* 达芬奇-蒙娜丽莎.png in Resources */ = {isa = PBXBuildFile; fileRef = 6CB970801BB4448200ED4E87 /* 达芬奇-蒙娜丽莎.png */; settings = {ASSET_TAGS = (); }; };
/* End PBXBuildFile section */

/* Begin PBXContainerItemProxy section */
		6CB970611BB43ECF00ED4E87 /* PBXContainerItemProxy */ = {
			isa = PBXContainerItemProxy;
			containerPortal = 6CB9703F1BB43ECF00ED4E87 /* Project object */;
			proxyType = 1;
			remoteGlobalIDString = 6CB970461BB43ECF00ED4E87;
			remoteInfo = MyPageControlNavigation;
		};
		6CB9706C1BB43ECF00ED4E87 /* PBXContainerItemProxy */ = {
			isa = PBXContainerItemProxy;
			containerPortal = 6CB9703F1BB43ECF00ED4E87 /* Project object */;
			proxyType = 1;
			remoteGlobalIDString = 6CB970461BB43ECF00ED4E87;
			remoteInfo = MyPageControlNavigation;
		};
/* End PBXContainerItemProxy section */

/* Begin PBXFileReference section */
		6CB970471BB43ECF00ED4E87 /* MyPageControlNavigation.app */ = {isa = PBXFileReference; explicitFileType = wrapper.application; includeInIndex = 0; path = MyPageControlNavigation.app; sourceTree = BUILT_PRODUCTS_DIR; };
		6CB9704B1BB43ECF00ED4E87 /* main.m */ = {isa = PBXFileReference; lastKnownFileType = sourcecode.c.objc; path = main.m; sourceTree = "<group>"; };
		6CB9704D1BB43ECF00ED4E87 /* AppDelegate.h */ = {isa = PBXFileReference; lastKnownFileType = sourcecode.c.h; path = AppDelegate.h; sourceTree = "<group>"; };
		6CB9704E1BB43ECF00ED4E87 /* AppDelegate.m */ = {isa = PBXFileReference; lastKnownFileType = sourcecode.c.objc; path = AppDelegate.m; sourceTree = "<group>"; };
		6CB970501BB43ECF00ED4E87 /* ViewController.h */ = {isa = PBXFileReference; lastKnownFileType = sourcecode.c.h; path = ViewController.h; sourceTree = "<group>"; };
		6CB970511BB43ECF00ED4E87 /* ViewController.m */ = {isa = PBXFileReference; lastKnownFileType = sourcecode.c.objc; path = ViewController.m; sourceTree = "<group>"; };
		6CB970541BB43ECF00ED4E87 /* Base */ = {isa = PBXFileReference; lastKnownFileType = file.storyboard; name = Base; path = Base.lproj/Main.storyboard; sourceTree = "<group>"; };
		6CB970561BB43ECF00ED4E87 /* Assets.xcassets */ = {isa = PBXFileReference; lastKnownFileType = folder.assetcatalog; path = Assets.xcassets; sourceTree = "<group>"; };
		6CB970591BB43ECF00ED4E87 /* Base */ = {isa = PBXFileReference; lastKnownFileType = file.storyboard; name = Base; path = Base.lproj/LaunchScreen.storyboard; sourceTree = "<group>"; };
		6CB9705B1BB43ECF00ED4E87 /* Info.plist */ = {isa = PBXFileReference; lastKnownFileType = text.plist.xml; path = Info.plist; sourceTree = "<group>"; };
		6CB970601BB43ECF00ED4E87 /* MyPageControlNavigationTests.xctest */ = {isa = PBXFileReference; explicitFileType = wrapper.cfbundle; includeInIndex = 0; path = MyPageControlNavigationTests.xctest; sourceTree = BUILT_PRODUCTS_DIR; };
		6CB970641BB43ECF00ED4E87 /* MyPageControlNavigationTests.m */ = {isa = PBXFileReference; lastKnownFileType = sourcecode.c.objc; path = MyPageControlNavigationTests.m; sourceTree = "<group>"; };
		6CB970661BB43ECF00ED4E87 /* Info.plist */ = {isa = PBXFileReference; lastKnownFileType = text.plist.xml; path = Info.plist; sourceTree = "<group>"; };
		6CB9706B1BB43ECF00ED4E87 /* MyPageControlNavigationUITests.xctest */ = {isa = PBXFileReference; explicitFileType = wrapper.cfbundle; includeInIndex = 0; path = MyPageControlNavigationUITests.xctest; sourceTree = BUILT_PRODUCTS_DIR; };
		6CB9706F1BB43ECF00ED4E87 /* MyPageControlNavigationUITests.m */ = {isa = PBXFileReference; lastKnownFileType = sourcecode.c.objc; path = MyPageControlNavigationUITests.m; sourceTree = "<group>"; };
		6CB970711BB43ECF00ED4E87 /* Info.plist */ = {isa = PBXFileReference; lastKnownFileType = text.plist.xml; path = Info.plist; sourceTree = "<group>"; };
		6CB9707E1BB4448200ED4E87 /* 保罗克利-肖像.png */ = {isa = PBXFileReference; lastKnownFileType = image.png; path = "保罗克利-肖像.png"; sourceTree = "<group>"; };
		6CB9707F1BB4448200ED4E87 /* 罗丹-思想者.png */ = {isa = PBXFileReference; lastKnownFileType = image.png; path = "罗丹-思想者.png"; sourceTree = "<group>"; };
		6CB970801BB4448200ED4E87 /* 达芬奇-蒙娜丽莎.png */ = {isa = PBXFileReference; lastKnownFileType = image.png; path = "达芬奇-蒙娜丽莎.png"; sourceTree = "<group>"; };
/* End PBXFileReference section */

/* Begin PBXFrameworksBuildPhase section */
		6CB970441BB43ECF00ED4E87 /* Frameworks */ = {
			isa = PBXFrameworksBuildPhase;
			buildActionMask = 2147483647;
			files = (
			);
			runOnlyForDeploymentPostprocessing = 0;
		};
		6CB9705D1BB43ECF00ED4E87 /* Frameworks */ = {
			isa = PBXFrameworksBuildPhase;
			buildActionMask = 2147483647;
			files = (
			);
			runOnlyForDeploymentPostprocessing = 0;
		};
		6CB970681BB43ECF00ED4E87 /* Frameworks */ = {
			isa = PBXFrameworksBuildPhase;
			buildActionMask = 2147483647;
			files = (
			);
			runOnlyForDeploymentPostprocessing = 0;
		};
/* End PBXFrameworksBuildPhase section */

/* Begin PBXGroup section */
		6CB9703E1BB43ECF00ED4E87 = {
			isa = PBXGroup;
			children = (
				6CB970491BB43ECF00ED4E87 /* MyPageControlNavigation */,
				6CB970631BB43ECF00ED4E87 /* MyPageControlNavigationTests */,
				6CB9706E1BB43ECF00ED4E87 /* MyPageControlNavigationUITests */,
				6CB970481BB43ECF00ED4E87 /* Products */,
			);
			sourceTree = "<group>";
		};
		6CB970481BB43ECF00ED4E87 /* Products */ = {
			isa = PBXGroup;
			children = (
				6CB970471BB43ECF00ED4E87 /* MyPageControlNavigation.app */,
				6CB970601BB43ECF00ED4E87 /* MyPageControlNavigationTests.xctest */,
				6CB9706B1BB43ECF00ED4E87 /* MyPageControlNavigationUITests.xctest */,
			);
			name = Products;
			sourceTree = "<group>";
		};
		6CB970491BB43ECF00ED4E87 /* MyPageControlNavigation */ = {
			isa = PBXGroup;
			children = (
				6CB9707D1BB4448200ED4E87 /* images */,
				6CB9704D1BB43ECF00ED4E87 /* AppDelegate.h */,
				6CB9704E1BB43ECF00ED4E87 /* AppDelegate.m */,
				6CB970501BB43ECF00ED4E87 /* ViewController.h */,
				6CB970511BB43ECF00ED4E87 /* ViewController.m */,
				6CB970531BB43ECF00ED4E87 /* Main.storyboard */,
				6CB970561BB43ECF00ED4E87 /* Assets.xcassets */,
				6CB970581BB43ECF00ED4E87 /* LaunchScreen.storyboard */,
				6CB9705B1BB43ECF00ED4E87 /* Info.plist */,
				6CB9704A1BB43ECF00ED4E87 /* Supporting Files */,
			);
			path = MyPageControlNavigation;
			sourceTree = "<group>";
		};
		6CB9704A1BB43ECF00ED4E87 /* Supporting Files */ = {
			isa = PBXGroup;
			children = (
				6CB9704B1BB43ECF00ED4E87 /* main.m */,
			);
			name = "Supporting Files";
			sourceTree = "<group>";
		};
		6CB970631BB43ECF00ED4E87 /* MyPageControlNavigationTests */ = {
			isa = PBXGroup;
			children = (
				6CB970641BB43ECF00ED4E87 /* MyPageControlNavigationTests.m */,
				6CB970661BB43ECF00ED4E87 /* Info.plist */,
			);
			path = MyPageControlNavigationTests;
			sourceTree = "<group>";
		};
		6CB9706E1BB43ECF00ED4E87 /* MyPageControlNavigationUITests */ = {
			isa = PBXGroup;
			children = (
				6CB9706F1BB43ECF00ED4E87 /* MyPageControlNavigationUITests.m */,
				6CB970711BB43ECF00ED4E87 /* Info.plist */,
			);
			path = MyPageControlNavigationUITests;
			sourceTree = "<group>";
		};
		6CB9707D1BB4448200ED4E87 /* images */ = {
			isa = PBXGroup;
			children = (
				6CB9707E1BB4448200ED4E87 /* 保罗克利-肖像.png */,
				6CB9707F1BB4448200ED4E87 /* 罗丹-思想者.png */,
				6CB970801BB4448200ED4E87 /* 达芬奇-蒙娜丽莎.png */,
			);
			path = images;
			sourceTree = "<group>";
		};
/* End PBXGroup section */

/* Begin PBXNativeTarget section */
		6CB970461BB43ECF00ED4E87 /* MyPageControlNavigation */ = {
			isa = PBXNativeTarget;
			buildConfigurationList = 6CB970741BB43ECF00ED4E87 /* Build configuration list for PBXNativeTarget "MyPageControlNavigation" */;
			buildPhases = (
				6CB970431BB43ECF00ED4E87 /* Sources */,
				6CB970441BB43ECF00ED4E87 /* Frameworks */,
				6CB970451BB43ECF00ED4E87 /* Resources */,
			);
			buildRules = (
			);
			dependencies = (
			);
			name = MyPageControlNavigation;
			productName = MyPageControlNavigation;
			productReference = 6CB970471BB43ECF00ED4E87 /* MyPageControlNavigation.app */;
			productType = "com.apple.product-type.application";
		};
		6CB9705F1BB43ECF00ED4E87 /* MyPageControlNavigationTests */ = {
			isa = PBXNativeTarget;
			buildConfigurationList = 6CB970771BB43ECF00ED4E87 /* Build configuration list for PBXNativeTarget "MyPageControlNavigationTests" */;
			buildPhases = (
				6CB9705C1BB43ECF00ED4E87 /* Sources */,
				6CB9705D1BB43ECF00ED4E87 /* Frameworks */,
				6CB9705E1BB43ECF00ED4E87 /* Resources */,
			);
			buildRules = (
			);
			dependencies = (
				6CB970621BB43ECF00ED4E87 /* PBXTargetDependency */,
			);
			name = MyPageControlNavigationTests;
			productName = MyPageControlNavigationTests;
			productReference = 6CB970601BB43ECF00ED4E87 /* MyPageControlNavigationTests.xctest */;
			productType = "com.apple.product-type.bundle.unit-test";
		};
		6CB9706A1BB43ECF00ED4E87 /* MyPageControlNavigationUITests */ = {
			isa = PBXNativeTarget;
			buildConfigurationList = 6CB9707A1BB43ECF00ED4E87 /* Build configuration list for PBXNativeTarget "MyPageControlNavigationUITests" */;
			buildPhases = (
				6CB970671BB43ECF00ED4E87 /* Sources */,
				6CB970681BB43ECF00ED4E87 /* Frameworks */,
				6CB970691BB43ECF00ED4E87 /* Resources */,
			);
			buildRules = (
			);
			dependencies = (
				6CB9706D1BB43ECF00ED4E87 /* PBXTargetDependency */,
			);
			name = MyPageControlNavigationUITests;
			productName = MyPageControlNavigationUITests;
			productReference = 6CB9706B1BB43ECF00ED4E87 /* MyPageControlNavigationUITests.xctest */;
			productType = "com.apple.product-type.bundle.ui-testing";
		};
/* End PBXNativeTarget section */

/* Begin PBXProject section */
		6CB9703F1BB43ECF00ED4E87 /* Project object */ = {
			isa = PBXProject;
			attributes = {
				LastUpgradeCheck = 0700;
				ORGANIZATIONNAME = "杨斌";
				TargetAttributes = {
					6CB970461BB43ECF00ED4E87 = {
						CreatedOnToolsVersion = 7.0;
					};
					6CB9705F1BB43ECF00ED4E87 = {
						CreatedOnToolsVersion = 7.0;
						TestTargetID = 6CB970461BB43ECF00ED4E87;
					};
					6CB9706A1BB43ECF00ED4E87 = {
						CreatedOnToolsVersion = 7.0;
						TestTargetID = 6CB970461BB43ECF00ED4E87;
					};
				};
			};
			buildConfigurationList = 6CB970421BB43ECF00ED4E87 /* Build configuration list for PBXProject "MyPageControlNavigation" */;
			compatibilityVersion = "Xcode 3.2";
			developmentRegion = English;
			hasScannedForEncodings = 0;
			knownRegions = (
				en,
				Base,
			);
			mainGroup = 6CB9703E1BB43ECF00ED4E87;
			productRefGroup = 6CB970481BB43ECF00ED4E87 /* Products */;
			projectDirPath = "";
			projectRoot = "";
			targets = (
				6CB970461BB43ECF00ED4E87 /* MyPageControlNavigation */,
				6CB9705F1BB43ECF00ED4E87 /* MyPageControlNavigationTests */,
				6CB9706A1BB43ECF00ED4E87 /* MyPageControlNavigationUITests */,
			);
		};
/* End PBXProject section */

/* Begin PBXResourcesBuildPhase section */
		6CB970451BB43ECF00ED4E87 /* Resources */ = {
			isa = PBXResourcesBuildPhase;
			buildActionMask = 2147483647;
			files = (
				6CB970821BB4448200ED4E87 /* 罗丹-思想者.png in Resources */,
				6CB970811BB4448200ED4E87 /* 保罗克利-肖像.png in Resources */,
				6CB9705A1BB43ECF00ED4E87 /* LaunchScreen.storyboard in Resources */,
				6CB970571BB43ECF00ED4E87 /* Assets.xcassets in Resources */,
				6CB970551BB43ECF00ED4E87 /* Main.storyboard in Resources */,
				6CB970831BB4448200ED4E87 /* 达芬奇-蒙娜丽莎.png in Resources */,
			);
			runOnlyForDeploymentPostprocessing = 0;
		};
		6CB9705E1BB43ECF00ED4E87 /* Resources */ = {
			isa = PBXResourcesBuildPhase;
			buildActionMask = 2147483647;
			files = (
			);
			runOnlyForDeploymentPostprocessing = 0;
		};
		6CB970691BB43ECF00ED4E87 /* Resources */ = {
			isa = PBXResourcesBuildPhase;
			buildActionMask = 2147483647;
			files = (
			);
			runOnlyForDeploymentPostprocessing = 0;
		};
/* End PBXResourcesBuildPhase section */

/* Begin PBXSourcesBuildPhase section */
		6CB970431BB43ECF00ED4E87 /* Sources */ = {
			isa = PBXSourcesBuildPhase;
			buildActionMask = 2147483647;
			files = (
				6CB970521BB43ECF00ED4E87 /* ViewController.m in Sources */,
				6CB9704F1BB43ECF00ED4E87 /* AppDelegate.m in Sources */,
				6CB9704C1BB43ECF00ED4E87 /* main.m in Sources */,
			);
			runOnlyForDeploymentPostprocessing = 0;
		};
		6CB9705C1BB43ECF00ED4E87 /* Sources */ = {
			isa = PBXSourcesBuildPhase;
			buildActionMask = 2147483647;
			files = (
				6CB970651BB43ECF00ED4E87 /* MyPageControlNavigationTests.m in Sources */,
			);
			runOnlyForDeploymentPostprocessing = 0;
		};
		6CB970671BB43ECF00ED4E87 /* Sources */ = {
			isa = PBXSourcesBuildPhase;
			buildActionMask = 2147483647;
			files = (
				6CB970701BB43ECF00ED4E87 /* MyPageControlNavigationUITests.m in Sources */,
			);
			runOnlyForDeploymentPostprocessing = 0;
		};
/* End PBXSourcesBuildPhase section */

/* Begin PBXTargetDependency section */
		6CB970621BB43ECF00ED4E87 /* PBXTargetDependency */ = {
			isa = PBXTargetDependency;
			target = 6CB970461BB43ECF00ED4E87 /* MyPageControlNavigation */;
			targetProxy = 6CB970611BB43ECF00ED4E87 /* PBXContainerItemProxy */;
		};
		6CB9706D1BB43ECF00ED4E87 /* PBXTargetDependency */ = {
			isa = PBXTargetDependency;
			target = 6CB970461BB43ECF00ED4E87 /* MyPageControlNavigation */;
			targetProxy = 6CB9706C1BB43ECF00ED4E87 /* PBXContainerItemProxy */;
		};
/* End PBXTargetDependency section */

/* Begin PBXVariantGroup section */
		6CB970531BB43ECF00ED4E87 /* Main.storyboard */ = {
			isa = PBXVariantGroup;
			children = (
				6CB970541BB43ECF00ED4E87 /* Base */,
			);
			name = Main.storyboard;
			sourceTree = "<group>";
		};
		6CB970581BB43ECF00ED4E87 /* LaunchScreen.storyboard */ = {
			isa = PBXVariantGroup;
			children = (
				6CB970591BB43ECF00ED4E87 /* Base */,
			);
			name = LaunchScreen.storyboard;
			sourceTree = "<group>";
		};
/* End PBXVariantGroup section */

/* Begin XCBuildConfiguration section */
		6CB970721BB43ECF00ED4E87 /* Debug */ = {
			isa = XCBuildConfiguration;
			buildSettings = {
				ALWAYS_SEARCH_USER_PATHS = NO;
				CLANG_CXX_LANGUAGE_STANDARD = "gnu++0x";
				CLANG_CXX_LIBRARY = "libc++";
				CLANG_ENABLE_MODULES = YES;
				CLANG_ENABLE_OBJC_ARC = YES;
				CLANG_WARN_BOOL_CONVERSION = YES;
				CLANG_WARN_CONSTANT_CONVERSION = YES;
				CLANG_WARN_DIRECT_OBJC_ISA_USAGE = YES_ERROR;
				CLANG_WARN_EMPTY_BODY = YES;
				CLANG_WARN_ENUM_CONVERSION = YES;
				CLANG_WARN_INT_CONVERSION = YES;
				CLANG_WARN_OBJC_ROOT_CLASS = YES_ERROR;
				CLANG_WARN_UNREACHABLE_CODE = YES;
				CLANG_WARN__DUPLICATE_METHOD_MATCH = YES;
				"CODE_SIGN_IDENTITY[sdk=iphoneos*]" = "iPhone Developer";
				COPY_PHASE_STRIP = NO;
				DEBUG_INFORMATION_FORMAT = dwarf;
				ENABLE_STRICT_OBJC_MSGSEND = YES;
				ENABLE_TESTABILITY = YES;
				GCC_C_LANGUAGE_STANDARD = gnu99;
				GCC_DYNAMIC_NO_PIC = NO;
				GCC_NO_COMMON_BLOCKS = YES;
				GCC_OPTIMIZATION_LEVEL = 0;
				GCC_PREPROCESSOR_DEFINITIONS = (
					"DEBUG=1",
					"$(inherited)",
				);
				GCC_WARN_64_TO_32_BIT_CONVERSION = YES;
				GCC_WARN_ABOUT_RETURN_TYPE = YES_ERROR;
				GCC_WARN_UNDECLARED_SELECTOR = YES;
				GCC_WARN_UNINITIALIZED_AUTOS = YES_AGGRESSIVE;
				GCC_WARN_UNUSED_FUNCTION = YES;
				GCC_WARN_UNUSED_VARIABLE = YES;
				IPHONEOS_DEPLOYMENT_TARGET = 9.0;
				MTL_ENABLE_DEBUG_INFO = YES;
				ONLY_ACTIVE_ARCH = YES;
				SDKROOT = iphoneos;
			};
			name = Debug;
		};
		6CB970731BB43ECF00ED4E87 /* Release */ = {
			isa = XCBuildConfiguration;
			buildSettings = {
				ALWAYS_SEARCH_USER_PATHS = NO;
				CLANG_CXX_LANGUAGE_STANDARD = "gnu++0x";
				CLANG_CXX_LIBRARY = "libc++";
				CLANG_ENABLE_MODULES = YES;
				CLANG_ENABLE_OBJC_ARC = YES;
				CLANG_WARN_BOOL_CONVERSION = YES;
				CLANG_WARN_CONSTANT_CONVERSION = YES;
				CLANG_WARN_DIRECT_OBJC_ISA_USAGE = YES_ERROR;
				CLANG_WARN_EMPTY_BODY = YES;
				CLANG_WARN_ENUM_CONVERSION = YES;
				CLANG_WARN_INT_CONVERSION = YES;
				CLANG_WARN_OBJC_ROOT_CLASS = YES_ERROR;
				CLANG_WARN_UNREACHABLE_CODE = YES;
				CLANG_WARN__DUPLICATE_METHOD_MATCH = YES;
				"CODE_SIGN_IDENTITY[sdk=iphoneos*]" = "iPhone Developer";
				COPY_PHASE_STRIP = NO;
				DEBUG_INFORMATION_FORMAT = "dwarf-with-dsym";
				ENABLE_NS_ASSERTIONS = NO;
				ENABLE_STRICT_OBJC_MSGSEND = YES;
				GCC_C_LANGUAGE_STANDARD = gnu99;
				GCC_NO_COMMON_BLOCKS = YES;
				GCC_WARN_64_TO_32_BIT_CONVERSION = YES;
				GCC_WARN_ABOUT_RETURN_TYPE = YES_ERROR;
				GCC_WARN_UNDECLARED_SELECTOR = YES;
				GCC_WARN_UNINITIALIZED_AUTOS = YES_AGGRESSIVE;
				GCC_WARN_UNUSED_FUNCTION = YES;
				GCC_WARN_UNUSED_VARIABLE = YES;
				IPHONEOS_DEPLOYMENT_TARGET = 9.0;
				MTL_ENABLE_DEBUG_INFO = NO;
				SDKROOT = iphoneos;
				VALIDATE_PRODUCT = YES;
			};
			name = Release;
		};
		6CB970751BB43ECF00ED4E87 /* Debug */ = {
			isa = XCBuildConfiguration;
			buildSettings = {
				ASSETCATALOG_COMPILER_APPICON_NAME = AppIcon;
				INFOPLIST_FILE = MyPageControlNavigation/Info.plist;
				IPHONEOS_DEPLOYMENT_TARGET = 6.0;
				LD_RUNPATH_SEARCH_PATHS = "$(inherited) @executable_path/Frameworks";
				PRODUCT_BUNDLE_IDENTIFIER = com.leon.MyPageControlNavigation;
				PRODUCT_NAME = "$(TARGET_NAME)";
			};
			name = Debug;
		};
		6CB970761BB43ECF00ED4E87 /* Release */ = {
			isa = XCBuildConfiguration;
			buildSettings = {
				ASSETCATALOG_COMPILER_APPICON_NAME = AppIcon;
				INFOPLIST_FILE = MyPageControlNavigation/Info.plist;
				IPHONEOS_DEPLOYMENT_TARGET = 6.0;
				LD_RUNPATH_SEARCH_PATHS = "$(inherited) @executable_path/Frameworks";
				PRODUCT_BUNDLE_IDENTIFIER = com.leon.MyPageControlNavigation;
				PRODUCT_NAME = "$(TARGET_NAME)";
			};
			name = Release;
		};
		6CB970781BB43ECF00ED4E87 /* Debug */ = {
			isa = XCBuildConfiguration;
			buildSettings = {
				BUNDLE_LOADER = "$(TEST_HOST)";
				INFOPLIST_FILE = MyPageControlNavigationTests/Info.plist;
				LD_RUNPATH_SEARCH_PATHS = "$(inherited) @executable_path/Frameworks @loader_path/Frameworks";
				PRODUCT_BUNDLE_IDENTIFIER = com.leon.MyPageControlNavigationTests;
				PRODUCT_NAME = "$(TARGET_NAME)";
				TEST_HOST = "$(BUILT_PRODUCTS_DIR)/MyPageControlNavigation.app/MyPageControlNavigation";
			};
			name = Debug;
		};
		6CB970791BB43ECF00ED4E87 /* Release */ = {
			isa = XCBuildConfiguration;
			buildSettings = {
				BUNDLE_LOADER = "$(TEST_HOST)";
				INFOPLIST_FILE = MyPageControlNavigationTests/Info.plist;
				LD_RUNPATH_SEARCH_PATHS = "$(inherited) @executable_path/Frameworks @loader_path/Frameworks";
				PRODUCT_BUNDLE_IDENTIFIER = com.leon.MyPageControlNavigationTests;
				PRODUCT_NAME = "$(TARGET_NAME)";
				TEST_HOST = "$(BUILT_PRODUCTS_DIR)/MyPageControlNavigation.app/MyPageControlNavigation";
			};
			name = Release;
		};
		6CB9707B1BB43ECF00ED4E87 /* Debug */ = {
			isa = XCBuildConfiguration;
			buildSettings = {
				INFOPLIST_FILE = MyPageControlNavigationUITests/Info.plist;
				LD_RUNPATH_SEARCH_PATHS = "$(inherited) @executable_path/Frameworks @loader_path/Frameworks";
				PRODUCT_BUNDLE_IDENTIFIER = com.leon.MyPageControlNavigationUITests;
				PRODUCT_NAME = "$(TARGET_NAME)";
				TEST_TARGET_NAME = MyPageControlNavigation;
				USES_XCTRUNNER = YES;
			};
			name = Debug;
		};
		6CB9707C1BB43ECF00ED4E87 /* Release */ = {
			isa = XCBuildConfiguration;
			buildSettings = {
				INFOPLIST_FILE = MyPageControlNavigationUITests/Info.plist;
				LD_RUNPATH_SEARCH_PATHS = "$(inherited) @executable_path/Frameworks @loader_path/Frameworks";
				PRODUCT_BUNDLE_IDENTIFIER = com.leon.MyPageControlNavigationUITests;
				PRODUCT_NAME = "$(TARGET_NAME)";
				TEST_TARGET_NAME = MyPageControlNavigation;
				USES_XCTRUNNER = YES;
			};
			name = Release;
		};
/* End XCBuildConfiguration section */

/* Begin XCConfigurationList section */
		6CB970421BB43ECF00ED4E87 /* Build configuration list for PBXProject "MyPageControlNavigation" */ = {
			isa = XCConfigurationList;
			buildConfigurations = (
				6CB970721BB43ECF00ED4E87 /* Debug */,
				6CB970731BB43ECF00ED4E87 /* Release */,
			);
			defaultConfigurationIsVisible = 0;
			defaultConfigurationName = Release;
		};
		6CB970741BB43ECF00ED4E87 /* Build configuration list for PBXNativeTarget "MyPageControlNavigation" */ = {
			isa = XCConfigurationList;
			buildConfigurations = (
				6CB970751BB43ECF00ED4E87 /* Debug */,
				6CB970761BB43ECF00ED4E87 /* Release */,
			);
			defaultConfigurationIsVisible = 0;
		};
		6CB970771BB43ECF00ED4E87 /* Build configuration list for PBXNativeTarget "MyPageControlNavigationTests" */ = {
			isa = XCConfigurationList;
			buildConfigurations = (
				6CB970781BB43ECF00ED4E87 /* Debug */,
				6CB970791BB43ECF00ED4E87 /* Release */,
			);
			defaultConfigurationIsVisible = 0;
		};
		6CB9707A1BB43ECF00ED4E87 /* Build configuration list for PBXNativeTarget "MyPageControlNavigationUITests" */ = {
			isa = XCConfigurationList;
			buildConfigurations = (
				6CB9707B1BB43ECF00ED4E87 /* Debug */,
				6CB9707C1BB43ECF00ED4E87 /* Release */,
			);
			defaultConfigurationIsVisible = 0;
		};
/* End XCConfigurationList section */
	};
	rootObject = 6CB9703F1BB43ECF00ED4E87 /* Project object */;
}
