// !$*UTF8*$!
{
	archiveVersion = 1;
	classes = {
	};
	objectVersion = 46;
	objects = {

/* Begin PBXBuildFile section */
		6C55B67D1AF7725D00E10C1A /* main.m in Sources */ = {isa = PBXBuildFile; fileRef = 6C55B67C1AF7725D00E10C1A /* main.m */; };
		6C55B6801AF7725D00E10C1A /* AppDelegate.m in Sources */ = {isa = PBXBuildFile; fileRef = 6C55B67F1AF7725D00E10C1A /* AppDelegate.m */; };
		6C55B6831AF7725D00E10C1A /* ViewController.m in Sources */ = {isa = PBXBuildFile; fileRef = 6C55B6821AF7725D00E10C1A /* ViewController.m */; };
		6C55B6861AF7725D00E10C1A /* Main.storyboard in Resources */ = {isa = PBXBuildFile; fileRef = 6C55B6841AF7725D00E10C1A /* Main.storyboard */; };
		6C55B6881AF7725D00E10C1A /* Images.xcassets in Resources */ = {isa = PBXBuildFile; fileRef = 6C55B6871AF7725D00E10C1A /* Images.xcassets */; };
		6C55B68B1AF7725D00E10C1A /* LaunchScreen.xib in Resources */ = {isa = PBXBuildFile; fileRef = 6C55B6891AF7725D00E10C1A /* LaunchScreen.xib */; };
		6C55B6971AF7725D00E10C1A /* MyPhoneGapTests.m in Sources */ = {isa = PBXBuildFile; fileRef = 6C55B6961AF7725D00E10C1A /* MyPhoneGapTests.m */; };
/* End PBXBuildFile section */

/* Begin PBXContainerItemProxy section */
		6C55B6911AF7725D00E10C1A /* PBXContainerItemProxy */ = {
			isa = PBXContainerItemProxy;
			containerPortal = 6C55B66F1AF7725D00E10C1A /* Project object */;
			proxyType = 1;
			remoteGlobalIDString = 6C55B6761AF7725D00E10C1A;
			remoteInfo = MyPhoneGap;
		};
/* End PBXContainerItemProxy section */

/* Begin PBXFileReference section */
		6C55B6771AF7725D00E10C1A /* MyPhoneGap.app */ = {isa = PBXFileReference; explicitFileType = wrapper.application; includeInIndex = 0; path = MyPhoneGap.app; sourceTree = BUILT_PRODUCTS_DIR; };
		6C55B67B1AF7725D00E10C1A /* Info.plist */ = {isa = PBXFileReference; lastKnownFileType = text.plist.xml; path = Info.plist; sourceTree = "<group>"; };
		6C55B67C1AF7725D00E10C1A /* main.m */ = {isa = PBXFileReference; lastKnownFileType = sourcecode.c.objc; path = main.m; sourceTree = "<group>"; };
		6C55B67E1AF7725D00E10C1A /* AppDelegate.h */ = {isa = PBXFileReference; lastKnownFileType = sourcecode.c.h; path = AppDelegate.h; sourceTree = "<group>"; };
		6C55B67F1AF7725D00E10C1A /* AppDelegate.m */ = {isa = PBXFileReference; lastKnownFileType = sourcecode.c.objc; path = AppDelegate.m; sourceTree = "<group>"; };
		6C55B6811AF7725D00E10C1A /* ViewController.h */ = {isa = PBXFileReference; lastKnownFileType = sourcecode.c.h; path = ViewController.h; sourceTree = "<group>"; };
		6C55B6821AF7725D00E10C1A /* ViewController.m */ = {isa = PBXFileReference; lastKnownFileType = sourcecode.c.objc; path = ViewController.m; sourceTree = "<group>"; };
		6C55B6851AF7725D00E10C1A /* Base */ = {isa = PBXFileReference; lastKnownFileType = file.storyboard; name = Base; path = Base.lproj/Main.storyboard; sourceTree = "<group>"; };
		6C55B6871AF7725D00E10C1A /* Images.xcassets */ = {isa = PBXFileReference; lastKnownFileType = folder.assetcatalog; path = Images.xcassets; sourceTree = "<group>"; };
		6C55B68A1AF7725D00E10C1A /* Base */ = {isa = PBXFileReference; lastKnownFileType = file.xib; name = Base; path = Base.lproj/LaunchScreen.xib; sourceTree = "<group>"; };
		6C55B6901AF7725D00E10C1A /* MyPhoneGapTests.xctest */ = {isa = PBXFileReference; explicitFileType = wrapper.cfbundle; includeInIndex = 0; path = MyPhoneGapTests.xctest; sourceTree = BUILT_PRODUCTS_DIR; };
		6C55B6951AF7725D00E10C1A /* Info.plist */ = {isa = PBXFileReference; lastKnownFileType = text.plist.xml; path = Info.plist; sourceTree = "<group>"; };
		6C55B6961AF7725D00E10C1A /* MyPhoneGapTests.m */ = {isa = PBXFileReference; lastKnownFileType = sourcecode.c.objc; path = MyPhoneGapTests.m; sourceTree = "<group>"; };
/* End PBXFileReference section */

/* Begin PBXFrameworksBuildPhase section */
		6C55B6741AF7725D00E10C1A /* Frameworks */ = {
			isa = PBXFrameworksBuildPhase;
			buildActionMask = 2147483647;
			files = (
			);
			runOnlyForDeploymentPostprocessing = 0;
		};
		6C55B68D1AF7725D00E10C1A /* Frameworks */ = {
			isa = PBXFrameworksBuildPhase;
			buildActionMask = 2147483647;
			files = (
			);
			runOnlyForDeploymentPostprocessing = 0;
		};
/* End PBXFrameworksBuildPhase section */

/* Begin PBXGroup section */
		6C55B66E1AF7725D00E10C1A = {
			isa = PBXGroup;
			children = (
				6C55B6791AF7725D00E10C1A /* MyPhoneGap */,
				6C55B6931AF7725D00E10C1A /* MyPhoneGapTests */,
				6C55B6781AF7725D00E10C1A /* Products */,
			);
			sourceTree = "<group>";
		};
		6C55B6781AF7725D00E10C1A /* Products */ = {
			isa = PBXGroup;
			children = (
				6C55B6771AF7725D00E10C1A /* MyPhoneGap.app */,
				6C55B6901AF7725D00E10C1A /* MyPhoneGapTests.xctest */,
			);
			name = Products;
			sourceTree = "<group>";
		};
		6C55B6791AF7725D00E10C1A /* MyPhoneGap */ = {
			isa = PBXGroup;
			children = (
				6C55B67E1AF7725D00E10C1A /* AppDelegate.h */,
				6C55B67F1AF7725D00E10C1A /* AppDelegate.m */,
				6C55B6811AF7725D00E10C1A /* ViewController.h */,
				6C55B6821AF7725D00E10C1A /* ViewController.m */,
				6C55B6841AF7725D00E10C1A /* Main.storyboard */,
				6C55B6871AF7725D00E10C1A /* Images.xcassets */,
				6C55B6891AF7725D00E10C1A /* LaunchScreen.xib */,
				6C55B67A1AF7725D00E10C1A /* Supporting Files */,
			);
			path = MyPhoneGap;
			sourceTree = "<group>";
		};
		6C55B67A1AF7725D00E10C1A /* Supporting Files */ = {
			isa = PBXGroup;
			children = (
				6C55B67B1AF7725D00E10C1A /* Info.plist */,
				6C55B67C1AF7725D00E10C1A /* main.m */,
			);
			name = "Supporting Files";
			sourceTree = "<group>";
		};
		6C55B6931AF7725D00E10C1A /* MyPhoneGapTests */ = {
			isa = PBXGroup;
			children = (
				6C55B6961AF7725D00E10C1A /* MyPhoneGapTests.m */,
				6C55B6941AF7725D00E10C1A /* Supporting Files */,
			);
			path = MyPhoneGapTests;
			sourceTree = "<group>";
		};
		6C55B6941AF7725D00E10C1A /* Supporting Files */ = {
			isa = PBXGroup;
			children = (
				6C55B6951AF7725D00E10C1A /* Info.plist */,
			);
			name = "Supporting Files";
			sourceTree = "<group>";
		};
/* End PBXGroup section */

/* Begin PBXNativeTarget section */
		6C55B6761AF7725D00E10C1A /* MyPhoneGap */ = {
			isa = PBXNativeTarget;
			buildConfigurationList = 6C55B69A1AF7725D00E10C1A /* Build configuration list for PBXNativeTarget "MyPhoneGap" */;
			buildPhases = (
				6C55B6731AF7725D00E10C1A /* Sources */,
				6C55B6741AF7725D00E10C1A /* Frameworks */,
				6C55B6751AF7725D00E10C1A /* Resources */,
			);
			buildRules = (
			);
			dependencies = (
			);
			name = MyPhoneGap;
			productName = MyPhoneGap;
			productReference = 6C55B6771AF7725D00E10C1A /* MyPhoneGap.app */;
			productType = "com.apple.product-type.application";
		};
		6C55B68F1AF7725D00E10C1A /* MyPhoneGapTests */ = {
			isa = PBXNativeTarget;
			buildConfigurationList = 6C55B69D1AF7725D00E10C1A /* Build configuration list for PBXNativeTarget "MyPhoneGapTests" */;
			buildPhases = (
				6C55B68C1AF7725D00E10C1A /* Sources */,
				6C55B68D1AF7725D00E10C1A /* Frameworks */,
				6C55B68E1AF7725D00E10C1A /* Resources */,
			);
			buildRules = (
			);
			dependencies = (
				6C55B6921AF7725D00E10C1A /* PBXTargetDependency */,
			);
			name = MyPhoneGapTests;
			productName = MyPhoneGapTests;
			productReference = 6C55B6901AF7725D00E10C1A /* MyPhoneGapTests.xctest */;
			productType = "com.apple.product-type.bundle.unit-test";
		};
/* End PBXNativeTarget section */

/* Begin PBXProject section */
		6C55B66F1AF7725D00E10C1A /* Project object */ = {
			isa = PBXProject;
			attributes = {
				LastUpgradeCheck = 0630;
				ORGANIZATIONNAME = "杨斌";
				TargetAttributes = {
					6C55B6761AF7725D00E10C1A = {
						CreatedOnToolsVersion = 6.3.1;
					};
					6C55B68F1AF7725D00E10C1A = {
						CreatedOnToolsVersion = 6.3.1;
						TestTargetID = 6C55B6761AF7725D00E10C1A;
					};
				};
			};
			buildConfigurationList = 6C55B6721AF7725D00E10C1A /* Build configuration list for PBXProject "MyPhoneGap" */;
			compatibilityVersion = "Xcode 3.2";
			developmentRegion = English;
			hasScannedForEncodings = 0;
			knownRegions = (
				en,
				Base,
			);
			mainGroup = 6C55B66E1AF7725D00E10C1A;
			productRefGroup = 6C55B6781AF7725D00E10C1A /* Products */;
			projectDirPath = "";
			projectRoot = "";
			targets = (
				6C55B6761AF7725D00E10C1A /* MyPhoneGap */,
				6C55B68F1AF7725D00E10C1A /* MyPhoneGapTests */,
			);
		};
/* End PBXProject section */

/* Begin PBXResourcesBuildPhase section */
		6C55B6751AF7725D00E10C1A /* Resources */ = {
			isa = PBXResourcesBuildPhase;
			buildActionMask = 2147483647;
			files = (
				6C55B6861AF7725D00E10C1A /* Main.storyboard in Resources */,
				6C55B68B1AF7725D00E10C1A /* LaunchScreen.xib in Resources */,
				6C55B6881AF7725D00E10C1A /* Images.xcassets in Resources */,
			);
			runOnlyForDeploymentPostprocessing = 0;
		};
		6C55B68E1AF7725D00E10C1A /* Resources */ = {
			isa = PBXResourcesBuildPhase;
			buildActionMask = 2147483647;
			files = (
			);
			runOnlyForDeploymentPostprocessing = 0;
		};
/* End PBXResourcesBuildPhase section */

/* Begin PBXSourcesBuildPhase section */
		6C55B6731AF7725D00E10C1A /* Sources */ = {
			isa = PBXSourcesBuildPhase;
			buildActionMask = 2147483647;
			files = (
				6C55B6831AF7725D00E10C1A /* ViewController.m in Sources */,
				6C55B6801AF7725D00E10C1A /* AppDelegate.m in Sources */,
				6C55B67D1AF7725D00E10C1A /* main.m in Sources */,
			);
			runOnlyForDeploymentPostprocessing = 0;
		};
		6C55B68C1AF7725D00E10C1A /* Sources */ = {
			isa = PBXSourcesBuildPhase;
			buildActionMask = 2147483647;
			files = (
				6C55B6971AF7725D00E10C1A /* MyPhoneGapTests.m in Sources */,
			);
			runOnlyForDeploymentPostprocessing = 0;
		};
/* End PBXSourcesBuildPhase section */

/* Begin PBXTargetDependency section */
		6C55B6921AF7725D00E10C1A /* PBXTargetDependency */ = {
			isa = PBXTargetDependency;
			target = 6C55B6761AF7725D00E10C1A /* MyPhoneGap */;
			targetProxy = 6C55B6911AF7725D00E10C1A /* PBXContainerItemProxy */;
		};
/* End PBXTargetDependency section */

/* Begin PBXVariantGroup section */
		6C55B6841AF7725D00E10C1A /* Main.storyboard */ = {
			isa = PBXVariantGroup;
			children = (
				6C55B6851AF7725D00E10C1A /* Base */,
			);
			name = Main.storyboard;
			sourceTree = "<group>";
		};
		6C55B6891AF7725D00E10C1A /* LaunchScreen.xib */ = {
			isa = PBXVariantGroup;
			children = (
				6C55B68A1AF7725D00E10C1A /* Base */,
			);
			name = LaunchScreen.xib;
			sourceTree = "<group>";
		};
/* End PBXVariantGroup section */

/* Begin XCBuildConfiguration section */
		6C55B6981AF7725D00E10C1A /* Debug */ = {
			isa = XCBuildConfiguration;
			buildSettings = {
				ALWAYS_SEARCH_USER_PATHS = NO;
				CLANG_CXX_LANGUAGE_STANDARD = "gnu++0x";
				CLANG_CXX_LIBRARY = "libc++";
				CLANG_ENABLE_MODULES = YES;
				CLANG_ENABLE_OBJC_ARC = YES;
				CLANG_WARN_BOOL_CONVERSION = YES;
				CLANG_WARN_CONSTANT_CONVERSION = YES;
				CLANG_WARN_DIRECT_OBJC_ISA_USAGE = YES_ERROR;
				CLANG_WARN_EMPTY_BODY = YES;
				CLANG_WARN_ENUM_CONVERSION = YES;
				CLANG_WARN_INT_CONVERSION = YES;
				CLANG_WARN_OBJC_ROOT_CLASS = YES_ERROR;
				CLANG_WARN_UNREACHABLE_CODE = YES;
				CLANG_WARN__DUPLICATE_METHOD_MATCH = YES;
				"CODE_SIGN_IDENTITY[sdk=iphoneos*]" = "iPhone Developer";
				COPY_PHASE_STRIP = NO;
				DEBUG_INFORMATION_FORMAT = "dwarf-with-dsym";
				ENABLE_STRICT_OBJC_MSGSEND = YES;
				GCC_C_LANGUAGE_STANDARD = gnu99;
				GCC_DYNAMIC_NO_PIC = NO;
				GCC_NO_COMMON_BLOCKS = YES;
				GCC_OPTIMIZATION_LEVEL = 0;
				GCC_PREPROCESSOR_DEFINITIONS = (
					"DEBUG=1",
					"$(inherited)",
				);
				GCC_SYMBOLS_PRIVATE_EXTERN = NO;
				GCC_WARN_64_TO_32_BIT_CONVERSION = YES;
				GCC_WARN_ABOUT_RETURN_TYPE = YES_ERROR;
				GCC_WARN_UNDECLARED_SELECTOR = YES;
				GCC_WARN_UNINITIALIZED_AUTOS = YES_AGGRESSIVE;
				GCC_WARN_UNUSED_FUNCTION = YES;
				GCC_WARN_UNUSED_VARIABLE = YES;
				IPHONEOS_DEPLOYMENT_TARGET = 8.3;
				MTL_ENABLE_DEBUG_INFO = YES;
				ONLY_ACTIVE_ARCH = YES;
				SDKROOT = iphoneos;
			};
			name = Debug;
		};
		6C55B6991AF7725D00E10C1A /* Release */ = {
			isa = XCBuildConfiguration;
			buildSettings = {
				ALWAYS_SEARCH_USER_PATHS = NO;
				CLANG_CXX_LANGUAGE_STANDARD = "gnu++0x";
				CLANG_CXX_LIBRARY = "libc++";
				CLANG_ENABLE_MODULES = YES;
				CLANG_ENABLE_OBJC_ARC = YES;
				CLANG_WARN_BOOL_CONVERSION = YES;
				CLANG_WARN_CONSTANT_CONVERSION = YES;
				CLANG_WARN_DIRECT_OBJC_ISA_USAGE = YES_ERROR;
				CLANG_WARN_EMPTY_BODY = YES;
				CLANG_WARN_ENUM_CONVERSION = YES;
				CLANG_WARN_INT_CONVERSION = YES;
				CLANG_WARN_OBJC_ROOT_CLASS = YES_ERROR;
				CLANG_WARN_UNREACHABLE_CODE = YES;
				CLANG_WARN__DUPLICATE_METHOD_MATCH = YES;
				"CODE_SIGN_IDENTITY[sdk=iphoneos*]" = "iPhone Developer";
				COPY_PHASE_STRIP = NO;
				DEBUG_INFORMATION_FORMAT = "dwarf-with-dsym";
				ENABLE_NS_ASSERTIONS = NO;
				ENABLE_STRICT_OBJC_MSGSEND = YES;
				GCC_C_LANGUAGE_STANDARD = gnu99;
				GCC_NO_COMMON_BLOCKS = YES;
				GCC_WARN_64_TO_32_BIT_CONVERSION = YES;
				GCC_WARN_ABOUT_RETURN_TYPE = YES_ERROR;
				GCC_WARN_UNDECLARED_SELECTOR = YES;
				GCC_WARN_UNINITIALIZED_AUTOS = YES_AGGRESSIVE;
				GCC_WARN_UNUSED_FUNCTION = YES;
				GCC_WARN_UNUSED_VARIABLE = YES;
				IPHONEOS_DEPLOYMENT_TARGET = 8.3;
				MTL_ENABLE_DEBUG_INFO = NO;
				SDKROOT = iphoneos;
				VALIDATE_PRODUCT = YES;
			};
			name = Release;
		};
		6C55B69B1AF7725D00E10C1A /* Debug */ = {
			isa = XCBuildConfiguration;
			buildSettings = {
				ASSETCATALOG_COMPILER_APPICON_NAME = AppIcon;
				INFOPLIST_FILE = MyPhoneGap/Info.plist;
				LD_RUNPATH_SEARCH_PATHS = "$(inherited) @executable_path/Frameworks";
				PRODUCT_NAME = "$(TARGET_NAME)";
			};
			name = Debug;
		};
		6C55B69C1AF7725D00E10C1A /* Release */ = {
			isa = XCBuildConfiguration;
			buildSettings = {
				ASSETCATALOG_COMPILER_APPICON_NAME = AppIcon;
				INFOPLIST_FILE = MyPhoneGap/Info.plist;
				LD_RUNPATH_SEARCH_PATHS = "$(inherited) @executable_path/Frameworks";
				PRODUCT_NAME = "$(TARGET_NAME)";
			};
			name = Release;
		};
		6C55B69E1AF7725D00E10C1A /* Debug */ = {
			isa = XCBuildConfiguration;
			buildSettings = {
				BUNDLE_LOADER = "$(TEST_HOST)";
				FRAMEWORK_SEARCH_PATHS = (
					"$(SDKROOT)/Developer/Library/Frameworks",
					"$(inherited)",
				);
				GCC_PREPROCESSOR_DEFINITIONS = (
					"DEBUG=1",
					"$(inherited)",
				);
				INFOPLIST_FILE = MyPhoneGapTests/Info.plist;
				LD_RUNPATH_SEARCH_PATHS = "$(inherited) @executable_path/Frameworks @loader_path/Frameworks";
				PRODUCT_NAME = "$(TARGET_NAME)";
				TEST_HOST = "$(BUILT_PRODUCTS_DIR)/MyPhoneGap.app/MyPhoneGap";
			};
			name = Debug;
		};
		6C55B69F1AF7725D00E10C1A /* Release */ = {
			isa = XCBuildConfiguration;
			buildSettings = {
				BUNDLE_LOADER = "$(TEST_HOST)";
				FRAMEWORK_SEARCH_PATHS = (
					"$(SDKROOT)/Developer/Library/Frameworks",
					"$(inherited)",
				);
				INFOPLIST_FILE = MyPhoneGapTests/Info.plist;
				LD_RUNPATH_SEARCH_PATHS = "$(inherited) @executable_path/Frameworks @loader_path/Frameworks";
				PRODUCT_NAME = "$(TARGET_NAME)";
				TEST_HOST = "$(BUILT_PRODUCTS_DIR)/MyPhoneGap.app/MyPhoneGap";
			};
			name = Release;
		};
/* End XCBuildConfiguration section */

/* Begin XCConfigurationList section */
		6C55B6721AF7725D00E10C1A /* Build configuration list for PBXProject "MyPhoneGap" */ = {
			isa = XCConfigurationList;
			buildConfigurations = (
				6C55B6981AF7725D00E10C1A /* Debug */,
				6C55B6991AF7725D00E10C1A /* Release */,
			);
			defaultConfigurationIsVisible = 0;
			defaultConfigurationName = Release;
		};
		6C55B69A1AF7725D00E10C1A /* Build configuration list for PBXNativeTarget "MyPhoneGap" */ = {
			isa = XCConfigurationList;
			buildConfigurations = (
				6C55B69B1AF7725D00E10C1A /* Debug */,
				6C55B69C1AF7725D00E10C1A /* Release */,
			);
			defaultConfigurationIsVisible = 0;
		};
		6C55B69D1AF7725D00E10C1A /* Build configuration list for PBXNativeTarget "MyPhoneGapTests" */ = {
			isa = XCConfigurationList;
			buildConfigurations = (
				6C55B69E1AF7725D00E10C1A /* Debug */,
				6C55B69F1AF7725D00E10C1A /* Release */,
			);
			defaultConfigurationIsVisible = 0;
		};
/* End XCConfigurationList section */
	};
	rootObject = 6C55B66F1AF7725D00E10C1A /* Project object */;
}
